
Microsoft Visual Studio Solution File, Format Version 12.00
# Visual Studio Version 16
VisualStudioVersion = 16.0.31201.326
MinimumVisualStudioVersion = 10.0.40219.1
Project("{9A19103F-16F7-4668-BE54-9A1E7A4F7556}") = "DesignsOfDotNet", "DesignsOfDotNet\DesignsOfDotNet.csproj", "{E18E45FC-4023-4A3E-970A-D6DECD2E9DD4}"
EndProject
Global
	GlobalSection(SolutionConfigurationPlatforms) = preSolution
		Debug|Any CPU = Debug|Any CPU
		Release|Any CPU = Release|Any CPU
	EndGlobalSection
	GlobalSection(ProjectConfigurationPlatforms) = postSolution
		{E18E45FC-4023-4A3E-970A-D6DECD2E9DD4}.Debug|Any CPU.ActiveCfg = Debug|Any CPU
		{E18E45FC-4023-4A3E-970A-D6DECD2E9DD4}.Debug|Any CPU.Build.0 = Debug|Any CPU
		{E18E45FC-4023-4A3E-970A-D6DECD2E9DD4}.Release|Any CPU.ActiveCfg = Release|Any CPU
		{E18E45FC-4023-4A3E-970A-D6DECD2E9DD4}.Release|Any CPU.Build.0 = Release|Any CPU
	EndGlobalSection
	GlobalSection(SolutionProperties) = preSolution
		HideSolutionNode = FALSE
	EndGlobalSection
	GlobalSection(ExtensibilityGlobals) = postSolution
		SolutionGuid = {E8C31A48-CE6C-4A44-9E77-299658E5F983}
	EndGlobalSection
EndGlobal
